
Microsoft Visual Studio Solution File, Format Version 12.00
# Visual Studio Version 17
VisualStudioVersion = 17.2.32516.85
MinimumVisualStudioVersion = 10.0.40219.1
Project("{FAE04EC0-301F-11D3-BF4B-00C04F79EFBC}") = "lochess", "lochess\lochess.csproj", "{C6CA06A8-2870-4223-B0E4-1FD157A1DB8C}"
EndProject
Global
	GlobalSection(SolutionConfigurationPlatforms) = preSolution
		Debug|Any CPU = Debug|Any CPU
		Release|Any CPU = Release|Any CPU
	EndGlobalSection
	GlobalSection(ProjectConfigurationPlatforms) = postSolution
		{C6CA06A8-2870-4223-B0E4-1FD157A1DB8C}.Debug|Any CPU.ActiveCfg = Debug|Any CPU
		{C6CA06A8-2870-4223-B0E4-1FD157A1DB8C}.Debug|Any CPU.Build.0 = Debug|Any CPU
		{C6CA06A8-2870-4223-B0E4-1FD157A1DB8C}.Release|Any CPU.ActiveCfg = Release|Any CPU
		{C6CA06A8-2870-4223-B0E4-1FD157A1DB8C}.Release|Any CPU.Build.0 = Release|Any CPU
	EndGlobalSection
	GlobalSection(SolutionProperties) = preSolution
		HideSolutionNode = FALSE
	EndGlobalSection
	GlobalSection(ExtensibilityGlobals) = postSolution
		SolutionGuid = {364C70DA-7E49-49D4-9A9B-AD82D478AF03}
	EndGlobalSection
EndGlobal
